
Microsoft Visual Studio Solution File, Format Version 12.00
# Visual Studio Version 16
VisualStudioVersion = 16.0.30413.136
MinimumVisualStudioVersion = 10.0.40219.1
Project("{9A19103F-16F7-4668-BE54-9A1E7A4F7556}") = "BackEnd", "Tech\BackEnd.csproj", "{3FCF8079-1FA7-495E-83D1-96427F809412}"
EndProject
Project("{E24C65DC-7377-472B-9ABA-BC803B73C61A}") = "FrontEnd", "FrontEnd\", "{B3C9DE32-0FB3-43AC-A2E7-205116B7D696}"
	ProjectSection(WebsiteProperties) = preProject
		TargetFrameworkMoniker = ".NETFramework,Version%3Dv4.0"
		Debug.AspNetCompiler.VirtualPath = "/localhost_62465"
		Debug.AspNetCompiler.PhysicalPath = "FrontEnd\"
		Debug.AspNetCompiler.TargetPath = "PrecompiledWeb\localhost_62465\"
		Debug.AspNetCompiler.Updateable = "true"
		Debug.AspNetCompiler.ForceOverwrite = "true"
		Debug.AspNetCompiler.FixedNames = "false"
		Debug.AspNetCompiler.Debug = "True"
		Release.AspNetCompiler.VirtualPath = "/localhost_62465"
		Release.AspNetCompiler.PhysicalPath = "FrontEnd\"
		Release.AspNetCompiler.TargetPath = "PrecompiledWeb\localhost_62465\"
		Release.AspNetCompiler.Updateable = "true"
		Release.AspNetCompiler.ForceOverwrite = "true"
		Release.AspNetCompiler.FixedNames = "false"
		Release.AspNetCompiler.Debug = "False"
		VWDPort = "62465"
		SlnRelativePath = "FrontEnd\"
	EndProjectSection
EndProject
Global
	GlobalSection(SolutionConfigurationPlatforms) = preSolution
		Debug|Any CPU = Debug|Any CPU
		Release|Any CPU = Release|Any CPU
	EndGlobalSection
	GlobalSection(ProjectConfigurationPlatforms) = postSolution
		{3FCF8079-1FA7-495E-83D1-96427F809412}.Debug|Any CPU.ActiveCfg = Debug|Any CPU
		{3FCF8079-1FA7-495E-83D1-96427F809412}.Debug|Any CPU.Build.0 = Debug|Any CPU
		{3FCF8079-1FA7-495E-83D1-96427F809412}.Release|Any CPU.ActiveCfg = Release|Any CPU
		{3FCF8079-1FA7-495E-83D1-96427F809412}.Release|Any CPU.Build.0 = Release|Any CPU
		{B3C9DE32-0FB3-43AC-A2E7-205116B7D696}.Debug|Any CPU.ActiveCfg = Debug|Any CPU
		{B3C9DE32-0FB3-43AC-A2E7-205116B7D696}.Debug|Any CPU.Build.0 = Debug|Any CPU
		{B3C9DE32-0FB3-43AC-A2E7-205116B7D696}.Release|Any CPU.ActiveCfg = Debug|Any CPU
		{B3C9DE32-0FB3-43AC-A2E7-205116B7D696}.Release|Any CPU.Build.0 = Debug|Any CPU
	EndGlobalSection
	GlobalSection(SolutionProperties) = preSolution
		HideSolutionNode = FALSE
	EndGlobalSection
	GlobalSection(ExtensibilityGlobals) = postSolution
		SolutionGuid = {4BCF622C-BFEB-4A99-8E3A-D4E1D9F9066E}
	EndGlobalSection
EndGlobal
